
Microsoft Visual Studio Solution File, Format Version 12.00
# Visual Studio Version 17
VisualStudioVersion = 17.14.36414.22
MinimumVisualStudioVersion = 10.0.40219.1
Project("{FAE04EC0-301F-11D3-BF4B-00C04F79EFBC}") = "Template.Domain", "src\Template\Template\Template.Domain\Template.Domain.csproj", "{A64E4CDE-25BD-4040-9548-1BE0FA103929}"
EndProject
Project("{FAE04EC0-301F-11D3-BF4B-00C04F79EFBC}") = "Template.Application", "src\Template\Template\Template.Application\Template.Application.csproj", "{EAFA68F1-CD21-4240-9BC2-C2755411AAF0}"
EndProject
Project("{FAE04EC0-301F-11D3-BF4B-00C04F79EFBC}") = "Template.Infrastructure", "src\Template\Template\Template.Infrastructure\Template.Infrastructure.csproj", "{C3A52FEB-3526-4D20-86D7-8946737034E9}"
EndProject
Project("{FAE04EC0-301F-11D3-BF4B-00C04F79EFBC}") = "Template.Presentation", "src\Template\Template\Template.Presentation\Template.Presentation.csproj", "{CE640B46-BF41-4D6B-A75E-7197FAF5CF18}"
EndProject
Project("{FAE04EC0-301F-11D3-BF4B-00C04F79EFBC}") = "Template.Tests", "src\Template\Template\Template.Tests\Template.Tests.csproj", "{DD45C94C-F90E-4381-B9F3-A5BD8CDA5769}"
EndProject
Project("{FAE04EC0-301F-11D3-BF4B-00C04F79EFBC}") = "BuildingBlocks.SharedKernel", "src\BuildingBlocks\BuildingBlocks.SharedKernel\BuildingBlocks.SharedKernel.csproj", "{F2686D1A-408A-4A2C-A2D5-6097B70C7BA5}"
EndProject
Project("{FAE04EC0-301F-11D3-BF4B-00C04F79EFBC}") = "BuildingBlocks.EventBus", "src\BuildingBlocks\BuildingBlocks.EventBus\BuildingBlocks.EventBus.csproj", "{F1FB095F-41B3-4A47-9F03-DF3295F22300}"
EndProject
Project("{FAE04EC0-301F-11D3-BF4B-00C04F79EFBC}") = "BuildingBlocks.CrossCutting", "src\BuildingBlocks\BuildingBlocks.CrossCutting\BuildingBlocks.CrossCutting.csproj", "{6CB3FF60-09B6-4D19-9B37-9DD971F78A9C}"
EndProject
Project("{2150E333-8FDC-42A3-9474-1A3956D46DE8}") = "src", "src", "{02EA681E-C7D8-13C7-8484-4AC65E1B71E8}"
EndProject
Project("{2150E333-8FDC-42A3-9474-1A3956D46DE8}") = "BuildingBlocks", "BuildingBlocks", "{7FCBE829-4387-4C1B-A664-5ABF3701B2A9}"
EndProject
Project("{2150E333-8FDC-42A3-9474-1A3956D46DE8}") = "Services", "Services", "{CAB24730-F3EB-4E39-9D5F-F9A76410FC75}"
	ProjectSection(SolutionItems) = preProject
		PlaceholderForServices.txt = PlaceholderForServices.txt
	EndProjectSection
EndProject
Project("{2150E333-8FDC-42A3-9474-1A3956D46DE8}") = "tests", "tests", "{C63C82A1-FEE6-40DF-8279-67080BF55E02}"
EndProject
Project("{2150E333-8FDC-42A3-9474-1A3956D46DE8}") = "Integration", "Integration", "{CEBF59A9-EBEE-4970-B4EB-FA365E7ACD9C}"
EndProject
Project("{2150E333-8FDC-42A3-9474-1A3956D46DE8}") = "Template", "Template", "{F1BA82F7-E8F9-4E23-84E4-46B9ABA3C65E}"
EndProject
Project("{FAE04EC0-301F-11D3-BF4B-00C04F79EFBC}") = "Template.OtherModule", "tests\Integration\Template\Template.OtherModule\Template.OtherModule.csproj", "{8F411D1D-8896-439A-8F67-FC1F7B663F0A}"
EndProject
Project("{2150E333-8FDC-42A3-9474-1A3956D46DE8}") = "Template", "Template", "{69D46F35-C71F-4179-A2CD-A77097E9909D}"
EndProject
Global
	GlobalSection(SolutionConfigurationPlatforms) = preSolution
		Debug|Any CPU = Debug|Any CPU
		Debug|x64 = Debug|x64
		Debug|x86 = Debug|x86
		Release|Any CPU = Release|Any CPU
		Release|x64 = Release|x64
		Release|x86 = Release|x86
	EndGlobalSection
	GlobalSection(ProjectConfigurationPlatforms) = postSolution
		{A64E4CDE-25BD-4040-9548-1BE0FA103929}.Debug|Any CPU.ActiveCfg = Debug|Any CPU
		{A64E4CDE-25BD-4040-9548-1BE0FA103929}.Debug|Any CPU.Build.0 = Debug|Any CPU
		{A64E4CDE-25BD-4040-9548-1BE0FA103929}.Debug|x64.ActiveCfg = Debug|Any CPU
		{A64E4CDE-25BD-4040-9548-1BE0FA103929}.Debug|x64.Build.0 = Debug|Any CPU
		{A64E4CDE-25BD-4040-9548-1BE0FA103929}.Debug|x86.ActiveCfg = Debug|Any CPU
		{A64E4CDE-25BD-4040-9548-1BE0FA103929}.Debug|x86.Build.0 = Debug|Any CPU
		{A64E4CDE-25BD-4040-9548-1BE0FA103929}.Release|Any CPU.ActiveCfg = Release|Any CPU
		{A64E4CDE-25BD-4040-9548-1BE0FA103929}.Release|Any CPU.Build.0 = Release|Any CPU
		{A64E4CDE-25BD-4040-9548-1BE0FA103929}.Release|x64.ActiveCfg = Release|Any CPU
		{A64E4CDE-25BD-4040-9548-1BE0FA103929}.Release|x64.Build.0 = Release|Any CPU
		{A64E4CDE-25BD-4040-9548-1BE0FA103929}.Release|x86.ActiveCfg = Release|Any CPU
		{A64E4CDE-25BD-4040-9548-1BE0FA103929}.Release|x86.Build.0 = Release|Any CPU
		{EAFA68F1-CD21-4240-9BC2-C2755411AAF0}.Debug|Any CPU.ActiveCfg = Debug|Any CPU
		{EAFA68F1-CD21-4240-9BC2-C2755411AAF0}.Debug|Any CPU.Build.0 = Debug|Any CPU
		{EAFA68F1-CD21-4240-9BC2-C2755411AAF0}.Debug|x64.ActiveCfg = Debug|Any CPU
		{EAFA68F1-CD21-4240-9BC2-C2755411AAF0}.Debug|x64.Build.0 = Debug|Any CPU
		{EAFA68F1-CD21-4240-9BC2-C2755411AAF0}.Debug|x86.ActiveCfg = Debug|Any CPU
		{EAFA68F1-CD21-4240-9BC2-C2755411AAF0}.Debug|x86.Build.0 = Debug|Any CPU
		{EAFA68F1-CD21-4240-9BC2-C2755411AAF0}.Release|Any CPU.ActiveCfg = Release|Any CPU
		{EAFA68F1-CD21-4240-9BC2-C2755411AAF0}.Release|Any CPU.Build.0 = Release|Any CPU
		{EAFA68F1-CD21-4240-9BC2-C2755411AAF0}.Release|x64.ActiveCfg = Release|Any CPU
		{EAFA68F1-CD21-4240-9BC2-C2755411AAF0}.Release|x64.Build.0 = Release|Any CPU
		{EAFA68F1-CD21-4240-9BC2-C2755411AAF0}.Release|x86.ActiveCfg = Release|Any CPU
		{EAFA68F1-CD21-4240-9BC2-C2755411AAF0}.Release|x86.Build.0 = Release|Any CPU
		{C3A52FEB-3526-4D20-86D7-8946737034E9}.Debug|Any CPU.ActiveCfg = Debug|Any CPU
		{C3A52FEB-3526-4D20-86D7-8946737034E9}.Debug|Any CPU.Build.0 = Debug|Any CPU
		{C3A52FEB-3526-4D20-86D7-8946737034E9}.Debug|x64.ActiveCfg = Debug|Any CPU
		{C3A52FEB-3526-4D20-86D7-8946737034E9}.Debug|x64.Build.0 = Debug|Any CPU
		{C3A52FEB-3526-4D20-86D7-8946737034E9}.Debug|x86.ActiveCfg = Debug|Any CPU
		{C3A52FEB-3526-4D20-86D7-8946737034E9}.Debug|x86.Build.0 = Debug|Any CPU
		{C3A52FEB-3526-4D20-86D7-8946737034E9}.Release|Any CPU.ActiveCfg = Release|Any CPU
		{C3A52FEB-3526-4D20-86D7-8946737034E9}.Release|Any CPU.Build.0 = Release|Any CPU
		{C3A52FEB-3526-4D20-86D7-8946737034E9}.Release|x64.ActiveCfg = Release|Any CPU
		{C3A52FEB-3526-4D20-86D7-8946737034E9}.Release|x64.Build.0 = Release|Any CPU
		{C3A52FEB-3526-4D20-86D7-8946737034E9}.Release|x86.ActiveCfg = Release|Any CPU
		{C3A52FEB-3526-4D20-86D7-8946737034E9}.Release|x86.Build.0 = Release|Any CPU
		{CE640B46-BF41-4D6B-A75E-7197FAF5CF18}.Debug|Any CPU.ActiveCfg = Debug|Any CPU
		{CE640B46-BF41-4D6B-A75E-7197FAF5CF18}.Debug|Any CPU.Build.0 = Debug|Any CPU
		{CE640B46-BF41-4D6B-A75E-7197FAF5CF18}.Debug|x64.ActiveCfg = Debug|Any CPU
		{CE640B46-BF41-4D6B-A75E-7197FAF5CF18}.Debug|x64.Build.0 = Debug|Any CPU
		{CE640B46-BF41-4D6B-A75E-7197FAF5CF18}.Debug|x86.ActiveCfg = Debug|Any CPU
		{CE640B46-BF41-4D6B-A75E-7197FAF5CF18}.Debug|x86.Build.0 = Debug|Any CPU
		{CE640B46-BF41-4D6B-A75E-7197FAF5CF18}.Release|Any CPU.ActiveCfg = Release|Any CPU
		{CE640B46-BF41-4D6B-A75E-7197FAF5CF18}.Release|Any CPU.Build.0 = Release|Any CPU
		{CE640B46-BF41-4D6B-A75E-7197FAF5CF18}.Release|x64.ActiveCfg = Release|Any CPU
		{CE640B46-BF41-4D6B-A75E-7197FAF5CF18}.Release|x64.Build.0 = Release|Any CPU
		{CE640B46-BF41-4D6B-A75E-7197FAF5CF18}.Release|x86.ActiveCfg = Release|Any CPU
		{CE640B46-BF41-4D6B-A75E-7197FAF5CF18}.Release|x86.Build.0 = Release|Any CPU
		{DD45C94C-F90E-4381-B9F3-A5BD8CDA5769}.Debug|Any CPU.ActiveCfg = Debug|Any CPU
		{DD45C94C-F90E-4381-B9F3-A5BD8CDA5769}.Debug|Any CPU.Build.0 = Debug|Any CPU
		{DD45C94C-F90E-4381-B9F3-A5BD8CDA5769}.Debug|x64.ActiveCfg = Debug|Any CPU
		{DD45C94C-F90E-4381-B9F3-A5BD8CDA5769}.Debug|x64.Build.0 = Debug|Any CPU
		{DD45C94C-F90E-4381-B9F3-A5BD8CDA5769}.Debug|x86.ActiveCfg = Debug|Any CPU
		{DD45C94C-F90E-4381-B9F3-A5BD8CDA5769}.Debug|x86.Build.0 = Debug|Any CPU
		{DD45C94C-F90E-4381-B9F3-A5BD8CDA5769}.Release|Any CPU.ActiveCfg = Release|Any CPU
		{DD45C94C-F90E-4381-B9F3-A5BD8CDA5769}.Release|Any CPU.Build.0 = Release|Any CPU
		{DD45C94C-F90E-4381-B9F3-A5BD8CDA5769}.Release|x64.ActiveCfg = Release|Any CPU
		{DD45C94C-F90E-4381-B9F3-A5BD8CDA5769}.Release|x64.Build.0 = Release|Any CPU
		{DD45C94C-F90E-4381-B9F3-A5BD8CDA5769}.Release|x86.ActiveCfg = Release|Any CPU
		{DD45C94C-F90E-4381-B9F3-A5BD8CDA5769}.Release|x86.Build.0 = Release|Any CPU
		{F2686D1A-408A-4A2C-A2D5-6097B70C7BA5}.Debug|Any CPU.ActiveCfg = Debug|Any CPU
		{F2686D1A-408A-4A2C-A2D5-6097B70C7BA5}.Debug|Any CPU.Build.0 = Debug|Any CPU
		{F2686D1A-408A-4A2C-A2D5-6097B70C7BA5}.Debug|x64.ActiveCfg = Debug|Any CPU
		{F2686D1A-408A-4A2C-A2D5-6097B70C7BA5}.Debug|x64.Build.0 = Debug|Any CPU
		{F2686D1A-408A-4A2C-A2D5-6097B70C7BA5}.Debug|x86.ActiveCfg = Debug|Any CPU
		{F2686D1A-408A-4A2C-A2D5-6097B70C7BA5}.Debug|x86.Build.0 = Debug|Any CPU
		{F2686D1A-408A-4A2C-A2D5-6097B70C7BA5}.Release|Any CPU.ActiveCfg = Release|Any CPU
		{F2686D1A-408A-4A2C-A2D5-6097B70C7BA5}.Release|Any CPU.Build.0 = Release|Any CPU
		{F2686D1A-408A-4A2C-A2D5-6097B70C7BA5}.Release|x64.ActiveCfg = Release|Any CPU
		{F2686D1A-408A-4A2C-A2D5-6097B70C7BA5}.Release|x64.Build.0 = Release|Any CPU
		{F2686D1A-408A-4A2C-A2D5-6097B70C7BA5}.Release|x86.ActiveCfg = Release|Any CPU
		{F2686D1A-408A-4A2C-A2D5-6097B70C7BA5}.Release|x86.Build.0 = Release|Any CPU
		{F1FB095F-41B3-4A47-9F03-DF3295F22300}.Debug|Any CPU.ActiveCfg = Debug|Any CPU
		{F1FB095F-41B3-4A47-9F03-DF3295F22300}.Debug|Any CPU.Build.0 = Debug|Any CPU
		{F1FB095F-41B3-4A47-9F03-DF3295F22300}.Debug|x64.ActiveCfg = Debug|Any CPU
		{F1FB095F-41B3-4A47-9F03-DF3295F22300}.Debug|x64.Build.0 = Debug|Any CPU
		{F1FB095F-41B3-4A47-9F03-DF3295F22300}.Debug|x86.ActiveCfg = Debug|Any CPU
		{F1FB095F-41B3-4A47-9F03-DF3295F22300}.Debug|x86.Build.0 = Debug|Any CPU
		{F1FB095F-41B3-4A47-9F03-DF3295F22300}.Release|Any CPU.ActiveCfg = Release|Any CPU
		{F1FB095F-41B3-4A47-9F03-DF3295F22300}.Release|Any CPU.Build.0 = Release|Any CPU
		{F1FB095F-41B3-4A47-9F03-DF3295F22300}.Release|x64.ActiveCfg = Release|Any CPU
		{F1FB095F-41B3-4A47-9F03-DF3295F22300}.Release|x64.Build.0 = Release|Any CPU
		{F1FB095F-41B3-4A47-9F03-DF3295F22300}.Release|x86.ActiveCfg = Release|Any CPU
		{F1FB095F-41B3-4A47-9F03-DF3295F22300}.Release|x86.Build.0 = Release|Any CPU
		{6CB3FF60-09B6-4D19-9B37-9DD971F78A9C}.Debug|Any CPU.ActiveCfg = Debug|Any CPU
		{6CB3FF60-09B6-4D19-9B37-9DD971F78A9C}.Debug|Any CPU.Build.0 = Debug|Any CPU
		{6CB3FF60-09B6-4D19-9B37-9DD971F78A9C}.Debug|x64.ActiveCfg = Debug|Any CPU
		{6CB3FF60-09B6-4D19-9B37-9DD971F78A9C}.Debug|x64.Build.0 = Debug|Any CPU
		{6CB3FF60-09B6-4D19-9B37-9DD971F78A9C}.Debug|x86.ActiveCfg = Debug|Any CPU
		{6CB3FF60-09B6-4D19-9B37-9DD971F78A9C}.Debug|x86.Build.0 = Debug|Any CPU
		{6CB3FF60-09B6-4D19-9B37-9DD971F78A9C}.Release|Any CPU.ActiveCfg = Release|Any CPU
		{6CB3FF60-09B6-4D19-9B37-9DD971F78A9C}.Release|Any CPU.Build.0 = Release|Any CPU
		{6CB3FF60-09B6-4D19-9B37-9DD971F78A9C}.Release|x64.ActiveCfg = Release|Any CPU
		{6CB3FF60-09B6-4D19-9B37-9DD971F78A9C}.Release|x64.Build.0 = Release|Any CPU
		{6CB3FF60-09B6-4D19-9B37-9DD971F78A9C}.Release|x86.ActiveCfg = Release|Any CPU
		{6CB3FF60-09B6-4D19-9B37-9DD971F78A9C}.Release|x86.Build.0 = Release|Any CPU
		{8F411D1D-8896-439A-8F67-FC1F7B663F0A}.Debug|Any CPU.ActiveCfg = Debug|Any CPU
		{8F411D1D-8896-439A-8F67-FC1F7B663F0A}.Debug|Any CPU.Build.0 = Debug|Any CPU
		{8F411D1D-8896-439A-8F67-FC1F7B663F0A}.Debug|x64.ActiveCfg = Debug|Any CPU
		{8F411D1D-8896-439A-8F67-FC1F7B663F0A}.Debug|x64.Build.0 = Debug|Any CPU
		{8F411D1D-8896-439A-8F67-FC1F7B663F0A}.Debug|x86.ActiveCfg = Debug|Any CPU
		{8F411D1D-8896-439A-8F67-FC1F7B663F0A}.Debug|x86.Build.0 = Debug|Any CPU
		{8F411D1D-8896-439A-8F67-FC1F7B663F0A}.Release|Any CPU.ActiveCfg = Release|Any CPU
		{8F411D1D-8896-439A-8F67-FC1F7B663F0A}.Release|Any CPU.Build.0 = Release|Any CPU
		{8F411D1D-8896-439A-8F67-FC1F7B663F0A}.Release|x64.ActiveCfg = Release|Any CPU
		{8F411D1D-8896-439A-8F67-FC1F7B663F0A}.Release|x64.Build.0 = Release|Any CPU
		{8F411D1D-8896-439A-8F67-FC1F7B663F0A}.Release|x86.ActiveCfg = Release|Any CPU
		{8F411D1D-8896-439A-8F67-FC1F7B663F0A}.Release|x86.Build.0 = Release|Any CPU
	EndGlobalSection
	GlobalSection(SolutionProperties) = preSolution
		HideSolutionNode = FALSE
	EndGlobalSection
	GlobalSection(NestedProjects) = preSolution
		{A64E4CDE-25BD-4040-9548-1BE0FA103929} = {69D46F35-C71F-4179-A2CD-A77097E9909D}
		{EAFA68F1-CD21-4240-9BC2-C2755411AAF0} = {69D46F35-C71F-4179-A2CD-A77097E9909D}
		{C3A52FEB-3526-4D20-86D7-8946737034E9} = {69D46F35-C71F-4179-A2CD-A77097E9909D}
		{CE640B46-BF41-4D6B-A75E-7197FAF5CF18} = {69D46F35-C71F-4179-A2CD-A77097E9909D}
		{DD45C94C-F90E-4381-B9F3-A5BD8CDA5769} = {69D46F35-C71F-4179-A2CD-A77097E9909D}
		{F2686D1A-408A-4A2C-A2D5-6097B70C7BA5} = {7FCBE829-4387-4C1B-A664-5ABF3701B2A9}
		{F1FB095F-41B3-4A47-9F03-DF3295F22300} = {7FCBE829-4387-4C1B-A664-5ABF3701B2A9}
		{6CB3FF60-09B6-4D19-9B37-9DD971F78A9C} = {7FCBE829-4387-4C1B-A664-5ABF3701B2A9}
		{7FCBE829-4387-4C1B-A664-5ABF3701B2A9} = {02EA681E-C7D8-13C7-8484-4AC65E1B71E8}
		{CAB24730-F3EB-4E39-9D5F-F9A76410FC75} = {02EA681E-C7D8-13C7-8484-4AC65E1B71E8}
		{CEBF59A9-EBEE-4970-B4EB-FA365E7ACD9C} = {C63C82A1-FEE6-40DF-8279-67080BF55E02}
		{F1BA82F7-E8F9-4E23-84E4-46B9ABA3C65E} = {CEBF59A9-EBEE-4970-B4EB-FA365E7ACD9C}
		{8F411D1D-8896-439A-8F67-FC1F7B663F0A} = {F1BA82F7-E8F9-4E23-84E4-46B9ABA3C65E}
		{69D46F35-C71F-4179-A2CD-A77097E9909D} = {02EA681E-C7D8-13C7-8484-4AC65E1B71E8}
	EndGlobalSection
	GlobalSection(ExtensibilityGlobals) = postSolution
		SolutionGuid = {0839881C-FB81-4B49-9582-69ECFC0E847B}
	EndGlobalSection
EndGlobal
